Microsoft Visual Studio Solution File, Format Version 12.00
Project("{9A19103F-16F7-4668-BE54-9A1E7A4F7556}") = "AADClient.Console", "AADClient.Console\AADClient.Console.csproj", "{35527EF6-805F-4BA3-BA9A-30083C6BF0D7}"
EndProject
Project("{9A19103F-16F7-4668-BE54-9A1E7A4F7556}") = "ARMClient.Authentication", "ARMClient.Authentication\ARMClient.Authentication.csproj", "{9D46F417-2C00-41D3-808D-478F2432CF50}"
EndProject
Project("{9A19103F-16F7-4668-BE54-9A1E7A4F7556}") = "ARMClient.Console", "ARMClient.Console\ARMClient.Console.csproj", "{E25BAD3D-348E-4E9C-A7D5-D63D1AA2D7BC}"
EndProject
Project("{9A19103F-16F7-4668-BE54-9A1E7A4F7556}") = "RDFEClient.Console", "RDFEClient.Console\RDFEClient.Console.csproj", "{48EE4BCC-0105-4F4C-A1E1-E6CD065266D8}"
EndProject
Project("{2150E333-8FDC-42A3-9474-1A3956D46DE8}") = "ARMClient", "..\ARMClient", "{7624BE65-6558-424D-A766-F1E7D3367731}"
EndProject
Global
	GlobalSection(SolutionConfigurationPlatforms) = preSolution
		Debug|Any CPU = Debug|Any CPU
		Release|Any CPU = Release|Any CPU
	EndGlobalSection
	GlobalSection(ProjectConfigurationPlatforms) = postSolution
		{35527EF6-805F-4BA3-BA9A-30083C6BF0D7}.Debug|Any CPU.ActiveCfg = Debug|Any CPU
		{35527EF6-805F-4BA3-BA9A-30083C6BF0D7}.Debug|Any CPU.Build.0 = Debug|Any CPU
		{35527EF6-805F-4BA3-BA9A-30083C6BF0D7}.Release|Any CPU.ActiveCfg = Release|Any CPU
		{35527EF6-805F-4BA3-BA9A-30083C6BF0D7}.Release|Any CPU.Build.0 = Release|Any CPU
		{9D46F417-2C00-41D3-808D-478F2432CF50}.Debug|Any CPU.ActiveCfg = Debug|Any CPU
		{9D46F417-2C00-41D3-808D-478F2432CF50}.Debug|Any CPU.Build.0 = Debug|Any CPU
		{9D46F417-2C00-41D3-808D-478F2432CF50}.Release|Any CPU.ActiveCfg = Release|Any CPU
		{9D46F417-2C00-41D3-808D-478F2432CF50}.Release|Any CPU.Build.0 = Release|Any CPU
		{E25BAD3D-348E-4E9C-A7D5-D63D1AA2D7BC}.Debug|Any CPU.ActiveCfg = Debug|Any CPU
		{E25BAD3D-348E-4E9C-A7D5-D63D1AA2D7BC}.Debug|Any CPU.Build.0 = Debug|Any CPU
		{E25BAD3D-348E-4E9C-A7D5-D63D1AA2D7BC}.Release|Any CPU.ActiveCfg = Release|Any CPU
		{E25BAD3D-348E-4E9C-A7D5-D63D1AA2D7BC}.Release|Any CPU.Build.0 = Release|Any CPU
		{48EE4BCC-0105-4F4C-A1E1-E6CD065266D8}.Debug|Any CPU.ActiveCfg = Debug|Any CPU
		{48EE4BCC-0105-4F4C-A1E1-E6CD065266D8}.Debug|Any CPU.Build.0 = Debug|Any CPU
		{48EE4BCC-0105-4F4C-A1E1-E6CD065266D8}.Release|Any CPU.ActiveCfg = Release|Any CPU
		{48EE4BCC-0105-4F4C-A1E1-E6CD065266D8}.Release|Any CPU.Build.0 = Release|Any CPU
	EndGlobalSection
	GlobalSection(SolutionProperties) = preSolution
		HideSolutionNode = FALSE
	EndGlobalSection
	GlobalSection(NestedProjects) = preSolution
	EndGlobalSection
	GlobalSection(ExtensibilityGlobals) = postSolution
		SolutionGuid = {01C16DB4-1459-45D6-B156-8D41B3996FE9}
	EndGlobalSection
EndGlobal
